
Microsoft Visual Studio Solution File, Format Version 12.00
# Visual Studio Version 16
VisualStudioVersion = 16.0.29306.81
MinimumVisualStudioVersion = 10.0.40219.1
Project("{8BC9CEB8-8B4A-11D0-8D11-00A0C91BC942}") = "2", "2\2.vcxproj", "{41AD7961-2D0D-490D-BC04-AA90E636FF12}"
EndProject
Project("{8BC9CEB8-8B4A-11D0-8D11-00A0C91BC942}") = "UnitTest2", "UnitTest2\UnitTest2.vcxproj", "{9EE69B86-2641-4612-84DC-531CFE44FB29}"
EndProject
Global
	GlobalSection(SolutionConfigurationPlatforms) = preSolution
		Debug|x64 = Debug|x64
		Debug|x86 = Debug|x86
		Release|x64 = Release|x64
		Release|x86 = Release|x86
	EndGlobalSection
	GlobalSection(ProjectConfigurationPlatforms) = postSolution
		{41AD7961-2D0D-490D-BC04-AA90E636FF12}.Debug|x64.ActiveCfg = Debug|x64
		{41AD7961-2D0D-490D-BC04-AA90E636FF12}.Debug|x64.Build.0 = Debug|x64
		{41AD7961-2D0D-490D-BC04-AA90E636FF12}.Debug|x86.ActiveCfg = Debug|Win32
		{41AD7961-2D0D-490D-BC04-AA90E636FF12}.Debug|x86.Build.0 = Debug|Win32
		{41AD7961-2D0D-490D-BC04-AA90E636FF12}.Release|x64.ActiveCfg = Release|x64
		{41AD7961-2D0D-490D-BC04-AA90E636FF12}.Release|x64.Build.0 = Release|x64
		{41AD7961-2D0D-490D-BC04-AA90E636FF12}.Release|x86.ActiveCfg = Release|Win32
		{41AD7961-2D0D-490D-BC04-AA90E636FF12}.Release|x86.Build.0 = Release|Win32
		{9EE69B86-2641-4612-84DC-531CFE44FB29}.Debug|x64.ActiveCfg = Debug|x64
		{9EE69B86-2641-4612-84DC-531CFE44FB29}.Debug|x64.Build.0 = Debug|x64
		{9EE69B86-2641-4612-84DC-531CFE44FB29}.Debug|x86.ActiveCfg = Debug|Win32
		{9EE69B86-2641-4612-84DC-531CFE44FB29}.Debug|x86.Build.0 = Debug|Win32
		{9EE69B86-2641-4612-84DC-531CFE44FB29}.Release|x64.ActiveCfg = Release|x64
		{9EE69B86-2641-4612-84DC-531CFE44FB29}.Release|x64.Build.0 = Release|x64
		{9EE69B86-2641-4612-84DC-531CFE44FB29}.Release|x86.ActiveCfg = Release|Win32
		{9EE69B86-2641-4612-84DC-531CFE44FB29}.Release|x86.Build.0 = Release|Win32
	EndGlobalSection
	GlobalSection(SolutionProperties) = preSolution
		HideSolutionNode = FALSE
	EndGlobalSection
	GlobalSection(ExtensibilityGlobals) = postSolution
		SolutionGuid = {017BCA6F-649B-4295-AB5F-CB187C844BAD}
	EndGlobalSection
EndGlobal
